Microsoft Visual Studio Solution File, Format Version 12.00
# Visual Studio 15
VisualStudioVersion = 15.0.26124.0
MinimumVisualStudioVersion = 15.0.26124.0
Project("{FAE04EC0-301F-11D3-BF4B-00C04F79EFBC}") = "GCalendar.Api", "src\GCalendar.Api\GCalendar.Api.csproj", "{6370CE09-1059-4B84-BF97-6667AB85AD53}"
EndProject
Project("{FAE04EC0-301F-11D3-BF4B-00C04F79EFBC}") = "Tests.Unit", "src\Tests\Tests.Unit\Tests.Unit.csproj", "{E5862F09-4092-43C8-8DF5-E4B57415C454}"
EndProject
Project("{FAE04EC0-301F-11D3-BF4B-00C04F79EFBC}") = "GCalendar.Handlers", "src\GCalendar.Handlers\GCalendar.Handlers.csproj", "{0AAE35B3-9CEC-49CB-9FA5-1139CF653903}"
EndProject
Project("{FAE04EC0-301F-11D3-BF4B-00C04F79EFBC}") = "GCalendar.Calendar.Contracts", "src\GCalendar.Calendar.Contracts\GCalendar.Calendar.Contracts.csproj", "{4AD165A9-A0CB-4313-9AD8-BCAE1D5E9E2F}"
EndProject
Project("{FAE04EC0-301F-11D3-BF4B-00C04F79EFBC}") = "GCalendar.Service.Implemenation", "src\GCalendar.Service.Implemenation\GCalendar.Service.Implemenation.csproj", "{89ADBBBC-2364-409D-AEE0-20BA025732EC}"
EndProject
Project("{2150E333-8FDC-42A3-9474-1A3956D46DE8}") = "src", "src", "{70A97491-96C8-4B46-A7C9-E68667E7C91D}"
EndProject
Project("{2150E333-8FDC-42A3-9474-1A3956D46DE8}") = "Tests", "Tests", "{0E2D583A-894A-4BAC-B70F-CE9E72D8A330}"
EndProject
Project("{FAE04EC0-301F-11D3-BF4B-00C04F79EFBC}") = "Tests.Integration", "src\Tests\Tests.Integration\Tests.Integration.csproj", "{9600F9F1-193A-4131-BFA6-353B19BC1C32}"
EndProject
Global
	GlobalSection(SolutionConfigurationPlatforms) = preSolution
		Debug|Any CPU = Debug|Any CPU
		Debug|x64 = Debug|x64
		Debug|x86 = Debug|x86
		Release|Any CPU = Release|Any CPU
		Release|x64 = Release|x64
		Release|x86 = Release|x86
	EndGlobalSection
	GlobalSection(SolutionProperties) = preSolution
		HideSolutionNode = FALSE
	EndGlobalSection
	GlobalSection(ProjectConfigurationPlatforms) = postSolution
		{6370CE09-1059-4B84-BF97-6667AB85AD53}.Debug|Any CPU.ActiveCfg = Debug|Any CPU
		{6370CE09-1059-4B84-BF97-6667AB85AD53}.Debug|Any CPU.Build.0 = Debug|Any CPU
		{6370CE09-1059-4B84-BF97-6667AB85AD53}.Debug|x64.ActiveCfg = Debug|Any CPU
		{6370CE09-1059-4B84-BF97-6667AB85AD53}.Debug|x64.Build.0 = Debug|Any CPU
		{6370CE09-1059-4B84-BF97-6667AB85AD53}.Debug|x86.ActiveCfg = Debug|Any CPU
		{6370CE09-1059-4B84-BF97-6667AB85AD53}.Debug|x86.Build.0 = Debug|Any CPU
		{6370CE09-1059-4B84-BF97-6667AB85AD53}.Release|Any CPU.ActiveCfg = Release|Any CPU
		{6370CE09-1059-4B84-BF97-6667AB85AD53}.Release|Any CPU.Build.0 = Release|Any CPU
		{6370CE09-1059-4B84-BF97-6667AB85AD53}.Release|x64.ActiveCfg = Release|Any CPU
		{6370CE09-1059-4B84-BF97-6667AB85AD53}.Release|x64.Build.0 = Release|Any CPU
		{6370CE09-1059-4B84-BF97-6667AB85AD53}.Release|x86.ActiveCfg = Release|Any CPU
		{6370CE09-1059-4B84-BF97-6667AB85AD53}.Release|x86.Build.0 = Release|Any CPU
		{E5862F09-4092-43C8-8DF5-E4B57415C454}.Debug|Any CPU.ActiveCfg = Debug|Any CPU
		{E5862F09-4092-43C8-8DF5-E4B57415C454}.Debug|Any CPU.Build.0 = Debug|Any CPU
		{E5862F09-4092-43C8-8DF5-E4B57415C454}.Debug|x64.ActiveCfg = Debug|Any CPU
		{E5862F09-4092-43C8-8DF5-E4B57415C454}.Debug|x64.Build.0 = Debug|Any CPU
		{E5862F09-4092-43C8-8DF5-E4B57415C454}.Debug|x86.ActiveCfg = Debug|Any CPU
		{E5862F09-4092-43C8-8DF5-E4B57415C454}.Debug|x86.Build.0 = Debug|Any CPU
		{E5862F09-4092-43C8-8DF5-E4B57415C454}.Release|Any CPU.ActiveCfg = Release|Any CPU
		{E5862F09-4092-43C8-8DF5-E4B57415C454}.Release|Any CPU.Build.0 = Release|Any CPU
		{E5862F09-4092-43C8-8DF5-E4B57415C454}.Release|x64.ActiveCfg = Release|Any CPU
		{E5862F09-4092-43C8-8DF5-E4B57415C454}.Release|x64.Build.0 = Release|Any CPU
		{E5862F09-4092-43C8-8DF5-E4B57415C454}.Release|x86.ActiveCfg = Release|Any CPU
		{E5862F09-4092-43C8-8DF5-E4B57415C454}.Release|x86.Build.0 = Release|Any CPU
		{0AAE35B3-9CEC-49CB-9FA5-1139CF653903}.Debug|Any CPU.ActiveCfg = Debug|Any CPU
		{0AAE35B3-9CEC-49CB-9FA5-1139CF653903}.Debug|Any CPU.Build.0 = Debug|Any CPU
		{0AAE35B3-9CEC-49CB-9FA5-1139CF653903}.Debug|x64.ActiveCfg = Debug|Any CPU
		{0AAE35B3-9CEC-49CB-9FA5-1139CF653903}.Debug|x64.Build.0 = Debug|Any CPU
		{0AAE35B3-9CEC-49CB-9FA5-1139CF653903}.Debug|x86.ActiveCfg = Debug|Any CPU
		{0AAE35B3-9CEC-49CB-9FA5-1139CF653903}.Debug|x86.Build.0 = Debug|Any CPU
		{0AAE35B3-9CEC-49CB-9FA5-1139CF653903}.Release|Any CPU.ActiveCfg = Release|Any CPU
		{0AAE35B3-9CEC-49CB-9FA5-1139CF653903}.Release|Any CPU.Build.0 = Release|Any CPU
		{0AAE35B3-9CEC-49CB-9FA5-1139CF653903}.Release|x64.ActiveCfg = Release|Any CPU
		{0AAE35B3-9CEC-49CB-9FA5-1139CF653903}.Release|x64.Build.0 = Release|Any CPU
		{0AAE35B3-9CEC-49CB-9FA5-1139CF653903}.Release|x86.ActiveCfg = Release|Any CPU
		{0AAE35B3-9CEC-49CB-9FA5-1139CF653903}.Release|x86.Build.0 = Release|Any CPU
		{4AD165A9-A0CB-4313-9AD8-BCAE1D5E9E2F}.Debug|Any CPU.ActiveCfg = Debug|Any CPU
		{4AD165A9-A0CB-4313-9AD8-BCAE1D5E9E2F}.Debug|Any CPU.Build.0 = Debug|Any CPU
		{4AD165A9-A0CB-4313-9AD8-BCAE1D5E9E2F}.Debug|x64.ActiveCfg = Debug|Any CPU
		{4AD165A9-A0CB-4313-9AD8-BCAE1D5E9E2F}.Debug|x64.Build.0 = Debug|Any CPU
		{4AD165A9-A0CB-4313-9AD8-BCAE1D5E9E2F}.Debug|x86.ActiveCfg = Debug|Any CPU
		{4AD165A9-A0CB-4313-9AD8-BCAE1D5E9E2F}.Debug|x86.Build.0 = Debug|Any CPU
		{4AD165A9-A0CB-4313-9AD8-BCAE1D5E9E2F}.Release|Any CPU.ActiveCfg = Release|Any CPU
		{4AD165A9-A0CB-4313-9AD8-BCAE1D5E9E2F}.Release|Any CPU.Build.0 = Release|Any CPU
		{4AD165A9-A0CB-4313-9AD8-BCAE1D5E9E2F}.Release|x64.ActiveCfg = Release|Any CPU
		{4AD165A9-A0CB-4313-9AD8-BCAE1D5E9E2F}.Release|x64.Build.0 = Release|Any CPU
		{4AD165A9-A0CB-4313-9AD8-BCAE1D5E9E2F}.Release|x86.ActiveCfg = Release|Any CPU
		{4AD165A9-A0CB-4313-9AD8-BCAE1D5E9E2F}.Release|x86.Build.0 = Release|Any CPU
		{89ADBBBC-2364-409D-AEE0-20BA025732EC}.Debug|Any CPU.ActiveCfg = Debug|Any CPU
		{89ADBBBC-2364-409D-AEE0-20BA025732EC}.Debug|Any CPU.Build.0 = Debug|Any CPU
		{89ADBBBC-2364-409D-AEE0-20BA025732EC}.Debug|x64.ActiveCfg = Debug|Any CPU
		{89ADBBBC-2364-409D-AEE0-20BA025732EC}.Debug|x64.Build.0 = Debug|Any CPU
		{89ADBBBC-2364-409D-AEE0-20BA025732EC}.Debug|x86.ActiveCfg = Debug|Any CPU
		{89ADBBBC-2364-409D-AEE0-20BA025732EC}.Debug|x86.Build.0 = Debug|Any CPU
		{89ADBBBC-2364-409D-AEE0-20BA025732EC}.Release|Any CPU.ActiveCfg = Release|Any CPU
		{89ADBBBC-2364-409D-AEE0-20BA025732EC}.Release|Any CPU.Build.0 = Release|Any CPU
		{89ADBBBC-2364-409D-AEE0-20BA025732EC}.Release|x64.ActiveCfg = Release|Any CPU
		{89ADBBBC-2364-409D-AEE0-20BA025732EC}.Release|x64.Build.0 = Release|Any CPU
		{89ADBBBC-2364-409D-AEE0-20BA025732EC}.Release|x86.ActiveCfg = Release|Any CPU
		{89ADBBBC-2364-409D-AEE0-20BA025732EC}.Release|x86.Build.0 = Release|Any CPU
		{9600F9F1-193A-4131-BFA6-353B19BC1C32}.Debug|Any CPU.ActiveCfg = Debug|Any CPU
		{9600F9F1-193A-4131-BFA6-353B19BC1C32}.Debug|Any CPU.Build.0 = Debug|Any CPU
		{9600F9F1-193A-4131-BFA6-353B19BC1C32}.Debug|x64.ActiveCfg = Debug|Any CPU
		{9600F9F1-193A-4131-BFA6-353B19BC1C32}.Debug|x64.Build.0 = Debug|Any CPU
		{9600F9F1-193A-4131-BFA6-353B19BC1C32}.Debug|x86.ActiveCfg = Debug|Any CPU
		{9600F9F1-193A-4131-BFA6-353B19BC1C32}.Debug|x86.Build.0 = Debug|Any CPU
		{9600F9F1-193A-4131-BFA6-353B19BC1C32}.Release|Any CPU.ActiveCfg = Release|Any CPU
		{9600F9F1-193A-4131-BFA6-353B19BC1C32}.Release|Any CPU.Build.0 = Release|Any CPU
		{9600F9F1-193A-4131-BFA6-353B19BC1C32}.Release|x64.ActiveCfg = Release|Any CPU
		{9600F9F1-193A-4131-BFA6-353B19BC1C32}.Release|x64.Build.0 = Release|Any CPU
		{9600F9F1-193A-4131-BFA6-353B19BC1C32}.Release|x86.ActiveCfg = Release|Any CPU
		{9600F9F1-193A-4131-BFA6-353B19BC1C32}.Release|x86.Build.0 = Release|Any CPU
	EndGlobalSection
	GlobalSection(NestedProjects) = preSolution
		{0E2D583A-894A-4BAC-B70F-CE9E72D8A330} = {70A97491-96C8-4B46-A7C9-E68667E7C91D}
		{9600F9F1-193A-4131-BFA6-353B19BC1C32} = {0E2D583A-894A-4BAC-B70F-CE9E72D8A330}
	EndGlobalSection
EndGlobal
